
Microsoft Visual Studio Solution File, Format Version 12.00
# Visual Studio Version 16
VisualStudioVersion = 16.0.31205.134
MinimumVisualStudioVersion = 10.0.40219.1
Project("{FAE04EC0-301F-11D3-BF4B-00C04F79EFBC}") = "ASP.NET-Assignment-04", "ASP.NET-Assignment-04\ASP.NET-Assignment-04.csproj", "{12CFE502-C1BE-4944-A612-A061A6E332BA}"
EndProject
Global
	GlobalSection(SolutionConfigurationPlatforms) = preSolution
		Debug|Any CPU = Debug|Any CPU
		Release|Any CPU = Release|Any CPU
	EndGlobalSection
	GlobalSection(ProjectConfigurationPlatforms) = postSolution
		{12CFE502-C1BE-4944-A612-A061A6E332BA}.Debug|Any CPU.ActiveCfg = Debug|Any CPU
		{12CFE502-C1BE-4944-A612-A061A6E332BA}.Debug|Any CPU.Build.0 = Debug|Any CPU
		{12CFE502-C1BE-4944-A612-A061A6E332BA}.Release|Any CPU.ActiveCfg = Release|Any CPU
		{12CFE502-C1BE-4944-A612-A061A6E332BA}.Release|Any CPU.Build.0 = Release|Any CPU
	EndGlobalSection
	GlobalSection(SolutionProperties) = preSolution
		HideSolutionNode = FALSE
	EndGlobalSection
	GlobalSection(ExtensibilityGlobals) = postSolution
		SolutionGuid = {A68DA9A6-D44B-440D-BD54-25FA3BB54F3D}
	EndGlobalSection
EndGlobal
